Microsoft Visual Studio Solution File, Format Version 12.00
# Visual Studio 2012
Project("{FAE04EC0-301F-11D3-BF4B-00C04F79EFBC}") = "Diced Skull", "Diced Skull.csproj", "{EFA1970F-B345-498A-84E6-A7AA6E66AD1E}"
EndProject
Global
	GlobalSection(SolutionConfigurationPlatforms) = preSolution
	Debug|Any CPU = Debug|Any CPU
	ExportDebug|Any CPU = ExportDebug|Any CPU
	ExportRelease|Any CPU = ExportRelease|Any CPU
	EndGlobalSection
	GlobalSection(ProjectConfigurationPlatforms) = postSolution
		{EFA1970F-B345-498A-84E6-A7AA6E66AD1E}.Debug|Any CPU.ActiveCfg = Debug|Any CPU
		{EFA1970F-B345-498A-84E6-A7AA6E66AD1E}.Debug|Any CPU.Build.0 = Debug|Any CPU
		{EFA1970F-B345-498A-84E6-A7AA6E66AD1E}.ExportDebug|Any CPU.ActiveCfg = ExportDebug|Any CPU
		{EFA1970F-B345-498A-84E6-A7AA6E66AD1E}.ExportDebug|Any CPU.Build.0 = ExportDebug|Any CPU
		{EFA1970F-B345-498A-84E6-A7AA6E66AD1E}.ExportRelease|Any CPU.ActiveCfg = ExportRelease|Any CPU
		{EFA1970F-B345-498A-84E6-A7AA6E66AD1E}.ExportRelease|Any CPU.Build.0 = ExportRelease|Any CPU
	EndGlobalSection
EndGlobal
